
Microsoft Visual Studio Solution File, Format Version 12.00
# Visual Studio Version 17
VisualStudioVersion = 17.0.32112.339
MinimumVisualStudioVersion = 10.0.40219.1
Project("{2150E333-8FDC-42A3-9474-1A3956D46DE8}") = "Services", "Services", "{7DD82F96-DD6D-440B-ABC7-3C373231585E}"
EndProject
Project("{2150E333-8FDC-42A3-9474-1A3956D46DE8}") = "Catalog", "Catalog", "{FE8B43DA-36AD-4A2B-A8F3-EC9F380736D7}"
EndProject
Project("{9A19103F-16F7-4668-BE54-9A1E7A4F7556}") = "Catalog.API", "Services\Catalog\Catalog.API\Catalog.API.csproj", "{A6A76F05-4AE3-4954-A161-4CF3F8F39845}"
EndProject
Project("{E53339B2-1760-4266-BCC7-CA923CBCF16C}") = "docker-compose", "docker-compose.dcproj", "{8CB40630-2240-4F5C-B260-5C072ABF027D}"
EndProject
Project("{2150E333-8FDC-42A3-9474-1A3956D46DE8}") = "Basket", "Basket", "{343FF537-2E2F-4798-B4ED-41073C91C530}"
EndProject
Project("{9A19103F-16F7-4668-BE54-9A1E7A4F7556}") = "Basket.API", "Services\Basket\Basket.API\Basket.API.csproj", "{7773109B-DB7B-4438-85D7-58381DEF5FBF}"
EndProject
Project("{2150E333-8FDC-42A3-9474-1A3956D46DE8}") = "Discount", "Discount", "{FA6E954E-D2D8-48B9-B85A-92AD640C3375}"
EndProject
Project("{9A19103F-16F7-4668-BE54-9A1E7A4F7556}") = "Discount.API", "Services\Discount\Discount.API\Discount.API.csproj", "{6574FD00-74D3-4E71-BEC8-35F7FB3D021D}"
EndProject
Project("{9A19103F-16F7-4668-BE54-9A1E7A4F7556}") = "Discount.Grpc", "Services\Discount\Discount.Grpc\Discount.Grpc.csproj", "{616FC0C6-FE89-4CB3-8042-49121BA053D8}"
EndProject
Project("{2150E333-8FDC-42A3-9474-1A3956D46DE8}") = "Ordering", "Ordering", "{E1E7CACB-9D26-4714-BDD1-4BDABE23963F}"
EndProject
Project("{FAE04EC0-301F-11D3-BF4B-00C04F79EFBC}") = "Ordering.API", "Services\Ordering\Ordering.API\Ordering.API.csproj", "{F1A7E639-5D12-4037-868C-0FDAA942B29E}"
EndProject
Project("{FAE04EC0-301F-11D3-BF4B-00C04F79EFBC}") = "Ordering.Domain", "Services\Ordering\Ordering.Domain\Ordering.Domain.csproj", "{09958A1D-B01F-4969-97BD-B817FFE63C20}"
EndProject
Project("{FAE04EC0-301F-11D3-BF4B-00C04F79EFBC}") = "Ordering.Application", "Services\Ordering\Ordering.Application\Ordering.Application.csproj", "{AF0A8A0B-4AA8-448D-A9D5-C1791E696235}"
EndProject
Project("{FAE04EC0-301F-11D3-BF4B-00C04F79EFBC}") = "Ordering.Infrastructure", "Services\Ordering\Ordering.Infrastructure\Ordering.Infrastructure.csproj", "{0EC7A61B-590B-47B6-A697-81F75A8EC89C}"
EndProject
Global
	GlobalSection(SolutionConfigurationPlatforms) = preSolution
		Debug|Any CPU = Debug|Any CPU
		Release|Any CPU = Release|Any CPU
	EndGlobalSection
	GlobalSection(ProjectConfigurationPlatforms) = postSolution
		{A6A76F05-4AE3-4954-A161-4CF3F8F39845}.Debug|Any CPU.ActiveCfg = Debug|Any CPU
		{A6A76F05-4AE3-4954-A161-4CF3F8F39845}.Debug|Any CPU.Build.0 = Debug|Any CPU
		{A6A76F05-4AE3-4954-A161-4CF3F8F39845}.Release|Any CPU.ActiveCfg = Release|Any CPU
		{A6A76F05-4AE3-4954-A161-4CF3F8F39845}.Release|Any CPU.Build.0 = Release|Any CPU
		{8CB40630-2240-4F5C-B260-5C072ABF027D}.Debug|Any CPU.ActiveCfg = Debug|Any CPU
		{8CB40630-2240-4F5C-B260-5C072ABF027D}.Debug|Any CPU.Build.0 = Debug|Any CPU
		{8CB40630-2240-4F5C-B260-5C072ABF027D}.Release|Any CPU.ActiveCfg = Release|Any CPU
		{8CB40630-2240-4F5C-B260-5C072ABF027D}.Release|Any CPU.Build.0 = Release|Any CPU
		{7773109B-DB7B-4438-85D7-58381DEF5FBF}.Debug|Any CPU.ActiveCfg = Debug|Any CPU
		{7773109B-DB7B-4438-85D7-58381DEF5FBF}.Debug|Any CPU.Build.0 = Debug|Any CPU
		{7773109B-DB7B-4438-85D7-58381DEF5FBF}.Release|Any CPU.ActiveCfg = Release|Any CPU
		{7773109B-DB7B-4438-85D7-58381DEF5FBF}.Release|Any CPU.Build.0 = Release|Any CPU
		{6574FD00-74D3-4E71-BEC8-35F7FB3D021D}.Debug|Any CPU.ActiveCfg = Debug|Any CPU
		{6574FD00-74D3-4E71-BEC8-35F7FB3D021D}.Debug|Any CPU.Build.0 = Debug|Any CPU
		{6574FD00-74D3-4E71-BEC8-35F7FB3D021D}.Release|Any CPU.ActiveCfg = Release|Any CPU
		{6574FD00-74D3-4E71-BEC8-35F7FB3D021D}.Release|Any CPU.Build.0 = Release|Any CPU
		{616FC0C6-FE89-4CB3-8042-49121BA053D8}.Debug|Any CPU.ActiveCfg = Debug|Any CPU
		{616FC0C6-FE89-4CB3-8042-49121BA053D8}.Debug|Any CPU.Build.0 = Debug|Any CPU
		{616FC0C6-FE89-4CB3-8042-49121BA053D8}.Release|Any CPU.ActiveCfg = Release|Any CPU
		{616FC0C6-FE89-4CB3-8042-49121BA053D8}.Release|Any CPU.Build.0 = Release|Any CPU
		{F1A7E639-5D12-4037-868C-0FDAA942B29E}.Debug|Any CPU.ActiveCfg = Debug|Any CPU
		{F1A7E639-5D12-4037-868C-0FDAA942B29E}.Debug|Any CPU.Build.0 = Debug|Any CPU
		{F1A7E639-5D12-4037-868C-0FDAA942B29E}.Release|Any CPU.ActiveCfg = Release|Any CPU
		{F1A7E639-5D12-4037-868C-0FDAA942B29E}.Release|Any CPU.Build.0 = Release|Any CPU
		{09958A1D-B01F-4969-97BD-B817FFE63C20}.Debug|Any CPU.ActiveCfg = Debug|Any CPU
		{09958A1D-B01F-4969-97BD-B817FFE63C20}.Debug|Any CPU.Build.0 = Debug|Any CPU
		{09958A1D-B01F-4969-97BD-B817FFE63C20}.Release|Any CPU.ActiveCfg = Release|Any CPU
		{09958A1D-B01F-4969-97BD-B817FFE63C20}.Release|Any CPU.Build.0 = Release|Any CPU
		{AF0A8A0B-4AA8-448D-A9D5-C1791E696235}.Debug|Any CPU.ActiveCfg = Debug|Any CPU
		{AF0A8A0B-4AA8-448D-A9D5-C1791E696235}.Debug|Any CPU.Build.0 = Debug|Any CPU
		{AF0A8A0B-4AA8-448D-A9D5-C1791E696235}.Release|Any CPU.ActiveCfg = Release|Any CPU
		{AF0A8A0B-4AA8-448D-A9D5-C1791E696235}.Release|Any CPU.Build.0 = Release|Any CPU
		{0EC7A61B-590B-47B6-A697-81F75A8EC89C}.Debug|Any CPU.ActiveCfg = Debug|Any CPU
		{0EC7A61B-590B-47B6-A697-81F75A8EC89C}.Debug|Any CPU.Build.0 = Debug|Any CPU
		{0EC7A61B-590B-47B6-A697-81F75A8EC89C}.Release|Any CPU.ActiveCfg = Release|Any CPU
		{0EC7A61B-590B-47B6-A697-81F75A8EC89C}.Release|Any CPU.Build.0 = Release|Any CPU
	EndGlobalSection
	GlobalSection(SolutionProperties) = preSolution
		HideSolutionNode = FALSE
	EndGlobalSection
	GlobalSection(NestedProjects) = preSolution
		{FE8B43DA-36AD-4A2B-A8F3-EC9F380736D7} = {7DD82F96-DD6D-440B-ABC7-3C373231585E}
		{A6A76F05-4AE3-4954-A161-4CF3F8F39845} = {FE8B43DA-36AD-4A2B-A8F3-EC9F380736D7}
		{343FF537-2E2F-4798-B4ED-41073C91C530} = {7DD82F96-DD6D-440B-ABC7-3C373231585E}
		{7773109B-DB7B-4438-85D7-58381DEF5FBF} = {343FF537-2E2F-4798-B4ED-41073C91C530}
		{FA6E954E-D2D8-48B9-B85A-92AD640C3375} = {7DD82F96-DD6D-440B-ABC7-3C373231585E}
		{6574FD00-74D3-4E71-BEC8-35F7FB3D021D} = {FA6E954E-D2D8-48B9-B85A-92AD640C3375}
		{616FC0C6-FE89-4CB3-8042-49121BA053D8} = {FA6E954E-D2D8-48B9-B85A-92AD640C3375}
		{E1E7CACB-9D26-4714-BDD1-4BDABE23963F} = {7DD82F96-DD6D-440B-ABC7-3C373231585E}
		{F1A7E639-5D12-4037-868C-0FDAA942B29E} = {E1E7CACB-9D26-4714-BDD1-4BDABE23963F}
		{09958A1D-B01F-4969-97BD-B817FFE63C20} = {E1E7CACB-9D26-4714-BDD1-4BDABE23963F}
		{AF0A8A0B-4AA8-448D-A9D5-C1791E696235} = {E1E7CACB-9D26-4714-BDD1-4BDABE23963F}
		{0EC7A61B-590B-47B6-A697-81F75A8EC89C} = {E1E7CACB-9D26-4714-BDD1-4BDABE23963F}
	EndGlobalSection
	GlobalSection(ExtensibilityGlobals) = postSolution
		SolutionGuid = {E405B8A8-0229-4D79-A98F-9E1B3839AC02}
	EndGlobalSection
EndGlobal
