
Microsoft Visual Studio Solution File, Format Version 12.00
# Visual Studio Version 17
VisualStudioVersion = 17.0.32112.339
MinimumVisualStudioVersion = 10.0.40219.1
Project("{2150E333-8FDC-42A3-9474-1A3956D46DE8}") = "Services", "Services", "{7DD82F96-DD6D-440B-ABC7-3C373231585E}"
EndProject
Project("{2150E333-8FDC-42A3-9474-1A3956D46DE8}") = "Catalog", "Catalog", "{FE8B43DA-36AD-4A2B-A8F3-EC9F380736D7}"
EndProject
Project("{FAE04EC0-301F-11D3-BF4B-00C04F79EFBC}") = "Catalog.API", "Services\Catalog\Catalog.API\Catalog.API.csproj", "{A6A76F05-4AE3-4954-A161-4CF3F8F39845}"
EndProject
Global
	GlobalSection(SolutionConfigurationPlatforms) = preSolution
		Debug|Any CPU = Debug|Any CPU
		Release|Any CPU = Release|Any CPU
	EndGlobalSection
	GlobalSection(ProjectConfigurationPlatforms) = postSolution
		{A6A76F05-4AE3-4954-A161-4CF3F8F39845}.Debug|Any CPU.ActiveCfg = Debug|Any CPU
		{A6A76F05-4AE3-4954-A161-4CF3F8F39845}.Debug|Any CPU.Build.0 = Debug|Any CPU
		{A6A76F05-4AE3-4954-A161-4CF3F8F39845}.Release|Any CPU.ActiveCfg = Release|Any CPU
		{A6A76F05-4AE3-4954-A161-4CF3F8F39845}.Release|Any CPU.Build.0 = Release|Any CPU
	EndGlobalSection
	GlobalSection(SolutionProperties) = preSolution
		HideSolutionNode = FALSE
	EndGlobalSection
	GlobalSection(NestedProjects) = preSolution
		{FE8B43DA-36AD-4A2B-A8F3-EC9F380736D7} = {7DD82F96-DD6D-440B-ABC7-3C373231585E}
		{A6A76F05-4AE3-4954-A161-4CF3F8F39845} = {FE8B43DA-36AD-4A2B-A8F3-EC9F380736D7}
	EndGlobalSection
	GlobalSection(ExtensibilityGlobals) = postSolution
		SolutionGuid = {E405B8A8-0229-4D79-A98F-9E1B3839AC02}
	EndGlobalSection
EndGlobal
