
Microsoft Visual Studio Solution File, Format Version 12.00
# Visual Studio Version 17
VisualStudioVersion = 17.0.32112.339
MinimumVisualStudioVersion = 10.0.40219.1
Project("{2150E333-8FDC-42A3-9474-1A3956D46DE8}") = "Services", "Services", "{7DD82F96-DD6D-440B-ABC7-3C373231585E}"
EndProject
Project("{2150E333-8FDC-42A3-9474-1A3956D46DE8}") = "Catalog", "Catalog", "{FE8B43DA-36AD-4A2B-A8F3-EC9F380736D7}"
EndProject
Project("{9A19103F-16F7-4668-BE54-9A1E7A4F7556}") = "Catalog.API", "Services\Catalog\Catalog.API\Catalog.API.csproj", "{A6A76F05-4AE3-4954-A161-4CF3F8F39845}"
EndProject
Project("{E53339B2-1760-4266-BCC7-CA923CBCF16C}") = "docker-compose", "docker-compose.dcproj", "{8CB40630-2240-4F5C-B260-5C072ABF027D}"
EndProject
Project("{2150E333-8FDC-42A3-9474-1A3956D46DE8}") = "Basket", "Basket", "{343FF537-2E2F-4798-B4ED-41073C91C530}"
EndProject
Project("{9A19103F-16F7-4668-BE54-9A1E7A4F7556}") = "Basket.API", "Services\Basket\Basket.API\Basket.API.csproj", "{7773109B-DB7B-4438-85D7-58381DEF5FBF}"
EndProject
Project("{2150E333-8FDC-42A3-9474-1A3956D46DE8}") = "Discount", "Discount", "{FA6E954E-D2D8-48B9-B85A-92AD640C3375}"
EndProject
Project("{FAE04EC0-301F-11D3-BF4B-00C04F79EFBC}") = "Discount.API", "Services\Discount\Discount.API\Discount.API.csproj", "{6574FD00-74D3-4E71-BEC8-35F7FB3D021D}"
EndProject
Global
	GlobalSection(SolutionConfigurationPlatforms) = preSolution
		Debug|Any CPU = Debug|Any CPU
		Release|Any CPU = Release|Any CPU
	EndGlobalSection
	GlobalSection(ProjectConfigurationPlatforms) = postSolution
		{A6A76F05-4AE3-4954-A161-4CF3F8F39845}.Debug|Any CPU.ActiveCfg = Debug|Any CPU
		{A6A76F05-4AE3-4954-A161-4CF3F8F39845}.Debug|Any CPU.Build.0 = Debug|Any CPU
		{A6A76F05-4AE3-4954-A161-4CF3F8F39845}.Release|Any CPU.ActiveCfg = Release|Any CPU
		{A6A76F05-4AE3-4954-A161-4CF3F8F39845}.Release|Any CPU.Build.0 = Release|Any CPU
		{8CB40630-2240-4F5C-B260-5C072ABF027D}.Debug|Any CPU.ActiveCfg = Debug|Any CPU
		{8CB40630-2240-4F5C-B260-5C072ABF027D}.Debug|Any CPU.Build.0 = Debug|Any CPU
		{8CB40630-2240-4F5C-B260-5C072ABF027D}.Release|Any CPU.ActiveCfg = Release|Any CPU
		{8CB40630-2240-4F5C-B260-5C072ABF027D}.Release|Any CPU.Build.0 = Release|Any CPU
		{7773109B-DB7B-4438-85D7-58381DEF5FBF}.Debug|Any CPU.ActiveCfg = Debug|Any CPU
		{7773109B-DB7B-4438-85D7-58381DEF5FBF}.Debug|Any CPU.Build.0 = Debug|Any CPU
		{7773109B-DB7B-4438-85D7-58381DEF5FBF}.Release|Any CPU.ActiveCfg = Release|Any CPU
		{7773109B-DB7B-4438-85D7-58381DEF5FBF}.Release|Any CPU.Build.0 = Release|Any CPU
		{6574FD00-74D3-4E71-BEC8-35F7FB3D021D}.Debug|Any CPU.ActiveCfg = Debug|Any CPU
		{6574FD00-74D3-4E71-BEC8-35F7FB3D021D}.Debug|Any CPU.Build.0 = Debug|Any CPU
		{6574FD00-74D3-4E71-BEC8-35F7FB3D021D}.Release|Any CPU.ActiveCfg = Release|Any CPU
		{6574FD00-74D3-4E71-BEC8-35F7FB3D021D}.Release|Any CPU.Build.0 = Release|Any CPU
	EndGlobalSection
	GlobalSection(SolutionProperties) = preSolution
		HideSolutionNode = FALSE
	EndGlobalSection
	GlobalSection(NestedProjects) = preSolution
		{FE8B43DA-36AD-4A2B-A8F3-EC9F380736D7} = {7DD82F96-DD6D-440B-ABC7-3C373231585E}
		{A6A76F05-4AE3-4954-A161-4CF3F8F39845} = {FE8B43DA-36AD-4A2B-A8F3-EC9F380736D7}
		{343FF537-2E2F-4798-B4ED-41073C91C530} = {7DD82F96-DD6D-440B-ABC7-3C373231585E}
		{7773109B-DB7B-4438-85D7-58381DEF5FBF} = {343FF537-2E2F-4798-B4ED-41073C91C530}
		{FA6E954E-D2D8-48B9-B85A-92AD640C3375} = {7DD82F96-DD6D-440B-ABC7-3C373231585E}
		{6574FD00-74D3-4E71-BEC8-35F7FB3D021D} = {FA6E954E-D2D8-48B9-B85A-92AD640C3375}
	EndGlobalSection
	GlobalSection(ExtensibilityGlobals) = postSolution
		SolutionGuid = {E405B8A8-0229-4D79-A98F-9E1B3839AC02}
	EndGlobalSection
EndGlobal
